
Microsoft Visual Studio Solution File, Format Version 12.00
# Visual Studio 15
VisualStudioVersion = 15.0.27428.2043
MinimumVisualStudioVersion = 10.0.40219.1
Project("{FAE04EC0-301F-11D3-BF4B-00C04F79EFBC}") = "pytnashki", "pytnashki\pytnashki.csproj", "{5F8A26C6-F960-4017-A0B9-14996849DF7E}"
EndProject
Project("{FAE04EC0-301F-11D3-BF4B-00C04F79EFBC}") = "pytnashki.Tests", "pytnashki.Tests\pytnashki.Tests.csproj", "{D3FB14FC-1B01-4F27-A376-046ECB189587}"
EndProject
Global
	GlobalSection(SolutionConfigurationPlatforms) = preSolution
		Debug|Any CPU = Debug|Any CPU
		Release|Any CPU = Release|Any CPU
	EndGlobalSection
	GlobalSection(ProjectConfigurationPlatforms) = postSolution
		{5F8A26C6-F960-4017-A0B9-14996849DF7E}.Debug|Any CPU.ActiveCfg = Debug|Any CPU
		{5F8A26C6-F960-4017-A0B9-14996849DF7E}.Debug|Any CPU.Build.0 = Debug|Any CPU
		{5F8A26C6-F960-4017-A0B9-14996849DF7E}.Release|Any CPU.ActiveCfg = Release|Any CPU
		{5F8A26C6-F960-4017-A0B9-14996849DF7E}.Release|Any CPU.Build.0 = Release|Any CPU
		{D3FB14FC-1B01-4F27-A376-046ECB189587}.Debug|Any CPU.ActiveCfg = Debug|Any CPU
		{D3FB14FC-1B01-4F27-A376-046ECB189587}.Debug|Any CPU.Build.0 = Debug|Any CPU
		{D3FB14FC-1B01-4F27-A376-046ECB189587}.Release|Any CPU.ActiveCfg = Release|Any CPU
		{D3FB14FC-1B01-4F27-A376-046ECB189587}.Release|Any CPU.Build.0 = Release|Any CPU
	EndGlobalSection
	GlobalSection(SolutionProperties) = preSolution
		HideSolutionNode = FALSE
	EndGlobalSection
	GlobalSection(ExtensibilityGlobals) = postSolution
		SolutionGuid = {8E54F0B0-96C8-4AD4-956A-72C55C1B27F8}
	EndGlobalSection
EndGlobal
